
Microsoft Visual Studio Solution File, Format Version 12.00
# Visual Studio Version 17
VisualStudioVersion = 17.11.35222.181
MinimumVisualStudioVersion = 10.0.40219.1
Project("{FAE04EC0-301F-11D3-BF4B-00C04F79EFBC}") = "task11", "task11\task11.csproj", "{B6609EEE-8F3F-4FCC-959B-6EA1B6BAE93D}"
EndProject
Global
	GlobalSection(SolutionConfigurationPlatforms) = preSolution
		Debug|Any CPU = Debug|Any CPU
		Release|Any CPU = Release|Any CPU
	EndGlobalSection
	GlobalSection(ProjectConfigurationPlatforms) = postSolution
		{B6609EEE-8F3F-4FCC-959B-6EA1B6BAE93D}.Debug|Any CPU.ActiveCfg = Debug|Any CPU
		{B6609EEE-8F3F-4FCC-959B-6EA1B6BAE93D}.Debug|Any CPU.Build.0 = Debug|Any CPU
		{B6609EEE-8F3F-4FCC-959B-6EA1B6BAE93D}.Release|Any CPU.ActiveCfg = Release|Any CPU
		{B6609EEE-8F3F-4FCC-959B-6EA1B6BAE93D}.Release|Any CPU.Build.0 = Release|Any CPU
	EndGlobalSection
	GlobalSection(SolutionProperties) = preSolution
		HideSolutionNode = FALSE
	EndGlobalSection
	GlobalSection(ExtensibilityGlobals) = postSolution
		SolutionGuid = {2EE23C9D-4B0C-4A1B-8B70-DAC22C6CFD81}
	EndGlobalSection
EndGlobal
